
Microsoft Visual Studio Solution File, Format Version 12.00
# Visual Studio 2013
VisualStudioVersion = 12.0.40629.0
MinimumVisualStudioVersion = 10.0.40219.1
Project("{FAE04EC0-301F-11D3-BF4B-00C04F79EFBC}") = "F4fCheck", "F4fCheck\F4fCheck.csproj", "{615795F5-6642-4DF5-AE57-BFDEE88F3090}"
EndProject
Project("{FAE04EC0-301F-11D3-BF4B-00C04F79EFBC}") = "Launcher", "Launcher\Launcher.csproj", "{8995A247-A8EB-4F0F-9FF8-A633029EF919}"
EndProject
Global
	GlobalSection(SolutionConfigurationPlatforms) = preSolution
		Debug|Any CPU = Debug|Any CPU
		Release|Any CPU = Release|Any CPU
	EndGlobalSection
	GlobalSection(ProjectConfigurationPlatforms) = postSolution
		{615795F5-6642-4DF5-AE57-BFDEE88F3090}.Debug|Any CPU.ActiveCfg = Debug|Any CPU
		{615795F5-6642-4DF5-AE57-BFDEE88F3090}.Debug|Any CPU.Build.0 = Debug|Any CPU
		{615795F5-6642-4DF5-AE57-BFDEE88F3090}.Release|Any CPU.ActiveCfg = Release|Any CPU
		{615795F5-6642-4DF5-AE57-BFDEE88F3090}.Release|Any CPU.Build.0 = Release|Any CPU
		{8995A247-A8EB-4F0F-9FF8-A633029EF919}.Debug|Any CPU.ActiveCfg = Debug|Any CPU
		{8995A247-A8EB-4F0F-9FF8-A633029EF919}.Debug|Any CPU.Build.0 = Debug|Any CPU
		{8995A247-A8EB-4F0F-9FF8-A633029EF919}.Release|Any CPU.ActiveCfg = Release|Any CPU
		{8995A247-A8EB-4F0F-9FF8-A633029EF919}.Release|Any CPU.Build.0 = Release|Any CPU
	EndGlobalSection
	GlobalSection(SolutionProperties) = preSolution
		HideSolutionNode = FALSE
	EndGlobalSection
EndGlobal
